
Microsoft Visual Studio Solution File, Format Version 12.00
# Visual Studio Version 17
VisualStudioVersion = 17.1.32319.34
MinimumVisualStudioVersion = 10.0.40219.1
Project("{FAE04EC0-301F-11D3-BF4B-00C04F79EFBC}") = "CapaDatos", "CapaDatos\CapaDatos.csproj", "{91E11BC8-965E-4577-AFE6-1867F35078BB}"
EndProject
Project("{FAE04EC0-301F-11D3-BF4B-00C04F79EFBC}") = "CapaNegocio", "CapaNegocio\CapaNegocio.csproj", "{EC52CA12-7E99-4045-90E6-86D4499FB663}"
EndProject
Project("{FAE04EC0-301F-11D3-BF4B-00C04F79EFBC}") = "CapaEntidades", "CapaEntidades\CapaEntidades.csproj", "{7A281EA7-9416-49DD-814D-0ABA255ED0E5}"
EndProject
Project("{FAE04EC0-301F-11D3-BF4B-00C04F79EFBC}") = "lib_Banco", "lib_Banco\lib_Banco.csproj", "{53D7AFFD-5537-4BD7-BA50-FCC7B0755616}"
EndProject
Project("{FAE04EC0-301F-11D3-BF4B-00C04F79EFBC}") = "TestCuenta", "TestCuenta\TestCuenta.csproj", "{A85C5C46-7516-4430-997E-A0442714BEBD}"
EndProject
Global
	GlobalSection(SolutionConfigurationPlatforms) = preSolution
		Debug|Any CPU = Debug|Any CPU
		Release|Any CPU = Release|Any CPU
	EndGlobalSection
	GlobalSection(ProjectConfigurationPlatforms) = postSolution
		{91E11BC8-965E-4577-AFE6-1867F35078BB}.Debug|Any CPU.ActiveCfg = Debug|Any CPU
		{91E11BC8-965E-4577-AFE6-1867F35078BB}.Debug|Any CPU.Build.0 = Debug|Any CPU
		{91E11BC8-965E-4577-AFE6-1867F35078BB}.Release|Any CPU.ActiveCfg = Release|Any CPU
		{91E11BC8-965E-4577-AFE6-1867F35078BB}.Release|Any CPU.Build.0 = Release|Any CPU
		{EC52CA12-7E99-4045-90E6-86D4499FB663}.Debug|Any CPU.ActiveCfg = Debug|Any CPU
		{EC52CA12-7E99-4045-90E6-86D4499FB663}.Debug|Any CPU.Build.0 = Debug|Any CPU
		{EC52CA12-7E99-4045-90E6-86D4499FB663}.Release|Any CPU.ActiveCfg = Release|Any CPU
		{EC52CA12-7E99-4045-90E6-86D4499FB663}.Release|Any CPU.Build.0 = Release|Any CPU
		{7A281EA7-9416-49DD-814D-0ABA255ED0E5}.Debug|Any CPU.ActiveCfg = Debug|Any CPU
		{7A281EA7-9416-49DD-814D-0ABA255ED0E5}.Debug|Any CPU.Build.0 = Debug|Any CPU
		{7A281EA7-9416-49DD-814D-0ABA255ED0E5}.Release|Any CPU.ActiveCfg = Release|Any CPU
		{7A281EA7-9416-49DD-814D-0ABA255ED0E5}.Release|Any CPU.Build.0 = Release|Any CPU
		{53D7AFFD-5537-4BD7-BA50-FCC7B0755616}.Debug|Any CPU.ActiveCfg = Debug|Any CPU
		{53D7AFFD-5537-4BD7-BA50-FCC7B0755616}.Debug|Any CPU.Build.0 = Debug|Any CPU
		{53D7AFFD-5537-4BD7-BA50-FCC7B0755616}.Release|Any CPU.ActiveCfg = Release|Any CPU
		{53D7AFFD-5537-4BD7-BA50-FCC7B0755616}.Release|Any CPU.Build.0 = Release|Any CPU
		{A85C5C46-7516-4430-997E-A0442714BEBD}.Debug|Any CPU.ActiveCfg = Debug|Any CPU
		{A85C5C46-7516-4430-997E-A0442714BEBD}.Debug|Any CPU.Build.0 = Debug|Any CPU
		{A85C5C46-7516-4430-997E-A0442714BEBD}.Release|Any CPU.ActiveCfg = Release|Any CPU
		{A85C5C46-7516-4430-997E-A0442714BEBD}.Release|Any CPU.Build.0 = Release|Any CPU
	EndGlobalSection
	GlobalSection(SolutionProperties) = preSolution
		HideSolutionNode = FALSE
	EndGlobalSection
	GlobalSection(ExtensibilityGlobals) = postSolution
		SolutionGuid = {0A67A8C9-F923-4AA9-BDED-368223F24B55}
	EndGlobalSection
EndGlobal
